
Microsoft Visual Studio Solution File, Format Version 12.00
# Visual Studio Version 17
VisualStudioVersion = 17.14.36310.24
MinimumVisualStudioVersion = 10.0.40219.1
Project("{FAE04EC0-301F-11D3-BF4B-00C04F79EFBC}") = "MyDevLog", "MyDevLog.csproj", "{DF557FBF-6BE5-4D99-BA90-8A3EE398CE27}"
EndProject
Project("{FAE04EC0-301F-11D3-BF4B-00C04F79EFBC}") = "MyDevLog.API", "..\MyDevLog.API\MyDevLog.API.csproj", "{3FA3E302-47AC-4B0C-8481-34002A9AA1D6}"
EndProject
Global
	GlobalSection(SolutionConfigurationPlatforms) = preSolution
		Debug|Any CPU = Debug|Any CPU
		Release|Any CPU = Release|Any CPU
	EndGlobalSection
	GlobalSection(ProjectConfigurationPlatforms) = postSolution
		{DF557FBF-6BE5-4D99-BA90-8A3EE398CE27}.Debug|Any CPU.ActiveCfg = Debug|Any CPU
		{DF557FBF-6BE5-4D99-BA90-8A3EE398CE27}.Debug|Any CPU.Build.0 = Debug|Any CPU
		{DF557FBF-6BE5-4D99-BA90-8A3EE398CE27}.Release|Any CPU.ActiveCfg = Release|Any CPU
		{DF557FBF-6BE5-4D99-BA90-8A3EE398CE27}.Release|Any CPU.Build.0 = Release|Any CPU
		{3FA3E302-47AC-4B0C-8481-34002A9AA1D6}.Debug|Any CPU.ActiveCfg = Debug|Any CPU
		{3FA3E302-47AC-4B0C-8481-34002A9AA1D6}.Debug|Any CPU.Build.0 = Debug|Any CPU
		{3FA3E302-47AC-4B0C-8481-34002A9AA1D6}.Release|Any CPU.ActiveCfg = Release|Any CPU
		{3FA3E302-47AC-4B0C-8481-34002A9AA1D6}.Release|Any CPU.Build.0 = Release|Any CPU
	EndGlobalSection
	GlobalSection(SolutionProperties) = preSolution
		HideSolutionNode = FALSE
	EndGlobalSection
	GlobalSection(ExtensibilityGlobals) = postSolution
		SolutionGuid = {1F33C476-2187-4D0A-91EC-1F7AC250F7C9}
	EndGlobalSection
EndGlobal
